
Microsoft Visual Studio Solution File, Format Version 12.00
# Visual Studio Version 17
VisualStudioVersion = 17.3.32825.248
MinimumVisualStudioVersion = 10.0.40219.1
Project("{FAE04EC0-301F-11D3-BF4B-00C04F79EFBC}") = "13.02.2023 lb", "13.02.2023 lb\13.02.2023 lb.csproj", "{18AD1F83-B56C-4D55-BB29-20C145E0CF63}"
EndProject
Global
	GlobalSection(SolutionConfigurationPlatforms) = preSolution
		Debug|Any CPU = Debug|Any CPU
		Release|Any CPU = Release|Any CPU
	EndGlobalSection
	GlobalSection(ProjectConfigurationPlatforms) = postSolution
		{18AD1F83-B56C-4D55-BB29-20C145E0CF63}.Debug|Any CPU.ActiveCfg = Debug|Any CPU
		{18AD1F83-B56C-4D55-BB29-20C145E0CF63}.Debug|Any CPU.Build.0 = Debug|Any CPU
		{18AD1F83-B56C-4D55-BB29-20C145E0CF63}.Release|Any CPU.ActiveCfg = Release|Any CPU
		{18AD1F83-B56C-4D55-BB29-20C145E0CF63}.Release|Any CPU.Build.0 = Release|Any CPU
	EndGlobalSection
	GlobalSection(SolutionProperties) = preSolution
		HideSolutionNode = FALSE
	EndGlobalSection
	GlobalSection(ExtensibilityGlobals) = postSolution
		SolutionGuid = {00A4C3AF-07CE-44A2-A3E6-502439BFCB78}
	EndGlobalSection
EndGlobal
